// !$*UTF8*$!
{
	archiveVersion = 1;
	classes = {
	};
	objectVersion = 46;
	objects = {

/* Begin PBXBuildFile section */
		EC5A51C31C49496F00733A94 /* main.m in Sources */ = {isa = PBXBuildFile; fileRef = EC5A51C21C49496F00733A94 /* main.m */; };
		EC5A51C61C49496F00733A94 /* AppDelegate.m in Sources */ = {isa = PBXBuildFile; fileRef = EC5A51C51C49496F00733A94 /* AppDelegate.m */; };
		EC5A51C91C49496F00733A94 /* GameScene.m in Sources */ = {isa = PBXBuildFile; fileRef = EC5A51C81C49496F00733A94 /* GameScene.m */; };
		EC5A51CB1C49496F00733A94 /* GameScene.sks in Resources */ = {isa = PBXBuildFile; fileRef = EC5A51CA1C49496F00733A94 /* GameScene.sks */; };
		EC5A51CE1C49496F00733A94 /* GameViewController.m in Sources */ = {isa = PBXBuildFile; fileRef = EC5A51CD1C49496F00733A94 /* GameViewController.m */; };
		EC5A51D11C49496F00733A94 /* Main.storyboard in Resources */ = {isa = PBXBuildFile; fileRef = EC5A51CF1C49496F00733A94 /* Main.storyboard */; };
		EC5A51D31C49496F00733A94 /* Assets.xcassets in Resources */ = {isa = PBXBuildFile; fileRef = EC5A51D21C49496F00733A94 /* Assets.xcassets */; };
		EC5A51D61C49496F00733A94 /* LaunchScreen.storyboard in Resources */ = {isa = PBXBuildFile; fileRef = EC5A51D41C49496F00733A94 /* LaunchScreen.storyboard */; };
/* End PBXBuildFile section */

/* Begin PBXFileReference section */
		EC5A51BE1C49496F00733A94 /* multiPractic.app */ = {isa = PBXFileReference; explicitFileType = wrapper.application; includeInIndex = 0; path = multiPractic.app; sourceTree = BUILT_PRODUCTS_DIR; };
		EC5A51C21C49496F00733A94 /* main.m */ = {isa = PBXFileReference; lastKnownFileType = sourcecode.c.objc; path = main.m; sourceTree = "<group>"; };
		EC5A51C41C49496F00733A94 /* AppDelegate.h */ = {isa = PBXFileReference; lastKnownFileType = sourcecode.c.h; path = AppDelegate.h; sourceTree = "<group>"; };
		EC5A51C51C49496F00733A94 /* AppDelegate.m */ = {isa = PBXFileReference; lastKnownFileType = sourcecode.c.objc; path = AppDelegate.m; sourceTree = "<group>"; };
		EC5A51C71C49496F00733A94 /* GameScene.h */ = {isa = PBXFileReference; lastKnownFileType = sourcecode.c.h; path = GameScene.h; sourceTree = "<group>"; };
		EC5A51C81C49496F00733A94 /* GameScene.m */ = {isa = PBXFileReference; lastKnownFileType = sourcecode.c.objc; path = GameScene.m; sourceTree = "<group>"; };
		EC5A51CA1C49496F00733A94 /* GameScene.sks */ = {isa = PBXFileReference; lastKnownFileType = file.sks; path = GameScene.sks; sourceTree = "<group>"; };
		EC5A51CC1C49496F00733A94 /* GameViewController.h */ = {isa = PBXFileReference; lastKnownFileType = sourcecode.c.h; path = GameViewController.h; sourceTree = "<group>"; };
		EC5A51CD1C49496F00733A94 /* GameViewController.m */ = {isa = PBXFileReference; lastKnownFileType = sourcecode.c.objc; path = GameViewController.m; sourceTree = "<group>"; };
		EC5A51D01C49496F00733A94 /* Base */ = {isa = PBXFileReference; lastKnownFileType = file.storyboard; name = Base; path = Base.lproj/Main.storyboard; sourceTree = "<group>"; };
		EC5A51D21C49496F00733A94 /* Assets.xcassets */ = {isa = PBXFileReference; lastKnownFileType = folder.assetcatalog; path = Assets.xcassets; sourceTree = "<group>"; };
		EC5A51D51C49496F00733A94 /* Base */ = {isa = PBXFileReference; lastKnownFileType = file.storyboard; name = Base; path = Base.lproj/LaunchScreen.storyboard; sourceTree = "<group>"; };
		EC5A51D71C49496F00733A94 /* Info.plist */ = {isa = PBXFileReference; lastKnownFileType = text.plist.xml; path = Info.plist; sourceTree = "<group>"; };
/* End PBXFileReference section */

/* Begin PBXFrameworksBuildPhase section */
		EC5A51BB1C49496F00733A94 /* Frameworks */ = {
			isa = PBXFrameworksBuildPhase;
			buildActionMask = 2147483647;
			files = (
			);
			runOnlyForDeploymentPostprocessing = 0;
		};
/* End PBXFrameworksBuildPhase section */

/* Begin PBXGroup section */
		EC5A51B51C49496F00733A94 = {
			isa = PBXGroup;
			children = (
				EC5A51C01C49496F00733A94 /* multiPractic */,
				EC5A51BF1C49496F00733A94 /* Products */,
			);
			sourceTree = "<group>";
		};
		EC5A51BF1C49496F00733A94 /* Products */ = {
			isa = PBXGroup;
			children = (
				EC5A51BE1C49496F00733A94 /* multiPractic.app */,
			);
			name = Products;
			sourceTree = "<group>";
		};
		EC5A51C01C49496F00733A94 /* multiPractic */ = {
			isa = PBXGroup;
			children = (
				EC5A51C41C49496F00733A94 /* AppDelegate.h */,
				EC5A51C51C49496F00733A94 /* AppDelegate.m */,
				EC5A51C71C49496F00733A94 /* GameScene.h */,
				EC5A51C81C49496F00733A94 /* GameScene.m */,
				EC5A51CA1C49496F00733A94 /* GameScene.sks */,
				EC5A51CC1C49496F00733A94 /* GameViewController.h */,
				EC5A51CD1C49496F00733A94 /* GameViewController.m */,
				EC5A51CF1C49496F00733A94 /* Main.storyboard */,
				EC5A51D21C49496F00733A94 /* Assets.xcassets */,
				EC5A51D41C49496F00733A94 /* LaunchScreen.storyboard */,
				EC5A51D71C49496F00733A94 /* Info.plist */,
				EC5A51C11C49496F00733A94 /* Supporting Files */,
			);
			path = multiPractic;
			sourceTree = "<group>";
		};
		EC5A51C11C49496F00733A94 /* Supporting Files */ = {
			isa = PBXGroup;
			children = (
				EC5A51C21C49496F00733A94 /* main.m */,
			);
			name = "Supporting Files";
			sourceTree = "<group>";
		};
/* End PBXGroup section */

/* Begin PBXNativeTarget section */
		EC5A51BD1C49496F00733A94 /* multiPractic */ = {
			isa = PBXNativeTarget;
			buildConfigurationList = EC5A51DA1C49496F00733A94 /* Build configuration list for PBXNativeTarget "multiPractic" */;
			buildPhases = (
				EC5A51BA1C49496F00733A94 /* Sources */,
				EC5A51BB1C49496F00733A94 /* Frameworks */,
				EC5A51BC1C49496F00733A94 /* Resources */,
			);
			buildRules = (
			);
			dependencies = (
			);
			name = multiPractic;
			productName = multiPractic;
			productReference = EC5A51BE1C49496F00733A94 /* multiPractic.app */;
			productType = "com.apple.product-type.application";
		};
/* End PBXNativeTarget section */

/* Begin PBXProject section */
		EC5A51B61C49496F00733A94 /* Project object */ = {
			isa = PBXProject;
			attributes = {
				LastUpgradeCheck = 0720;
				ORGANIZATIONNAME = "Anton Orzes";
				TargetAttributes = {
					EC5A51BD1C49496F00733A94 = {
						CreatedOnToolsVersion = 7.2;
					};
				};
			};
			buildConfigurationList = EC5A51B91C49496F00733A94 /* Build configuration list for PBXProject "multiPractic" */;
			compatibilityVersion = "Xcode 3.2";
			developmentRegion = English;
			hasScannedForEncodings = 0;
			knownRegions = (
				en,
				Base,
			);
			mainGroup = EC5A51B51C49496F00733A94;
			productRefGroup = EC5A51BF1C49496F00733A94 /* Products */;
			projectDirPath = "";
			projectRoot = "";
			targets = (
				EC5A51BD1C49496F00733A94 /* multiPractic */,
			);
		};
/* End PBXProject section */

/* Begin PBXResourcesBuildPhase section */
		EC5A51BC1C49496F00733A94 /* Resources */ = {
			isa = PBXResourcesBuildPhase;
			buildActionMask = 2147483647;
			files = (
				EC5A51CB1C49496F00733A94 /* GameScene.sks in Resources */,
				EC5A51D61C49496F00733A94 /* LaunchScreen.storyboard in Resources */,
				EC5A51D31C49496F00733A94 /* Assets.xcassets in Resources */,
				EC5A51D11C49496F00733A94 /* Main.storyboard in Resources */,
			);
			runOnlyForDeploymentPostprocessing = 0;
		};
/* End PBXResourcesBuildPhase section */

/* Begin PBXSourcesBuildPhase section */
		EC5A51BA1C49496F00733A94 /* Sources */ = {
			isa = PBXSourcesBuildPhase;
			buildActionMask = 2147483647;
			files = (
				EC5A51CE1C49496F00733A94 /* GameViewController.m in Sources */,
				EC5A51C61C49496F00733A94 /* AppDelegate.m in Sources */,
				EC5A51C91C49496F00733A94 /* GameScene.m in Sources */,
				EC5A51C31C49496F00733A94 /* main.m in Sources */,
			);
			runOnlyForDeploymentPostprocessing = 0;
		};
/* End PBXSourcesBuildPhase section */

/* Begin PBXVariantGroup section */
		EC5A51CF1C49496F00733A94 /* Main.storyboard */ = {
			isa = PBXVariantGroup;
			children = (
				EC5A51D01C49496F00733A94 /* Base */,
			);
			name = Main.storyboard;
			sourceTree = "<group>";
		};
		EC5A51D41C49496F00733A94 /* LaunchScreen.storyboard */ = {
			isa = PBXVariantGroup;
			children = (
				EC5A51D51C49496F00733A94 /* Base */,
			);
			name = LaunchScreen.storyboard;
			sourceTree = "<group>";
		};
/* End PBXVariantGroup section */

/* Begin XCBuildConfiguration section */
		EC5A51D81C49496F00733A94 /* Debug */ = {
			isa = XCBuildConfiguration;
			buildSettings = {
				ALWAYS_SEARCH_USER_PATHS = NO;
				CLANG_CXX_LANGUAGE_STANDARD = "gnu++0x";
				CLANG_CXX_LIBRARY = "libc++";
				CLANG_ENABLE_MODULES = YES;
				CLANG_ENABLE_OBJC_ARC = YES;
				CLANG_WARN_BOOL_CONVERSION = YES;
				CLANG_WARN_CONSTANT_CONVERSION = YES;
				CLANG_WARN_DIRECT_OBJC_ISA_USAGE = YES_ERROR;
				CLANG_WARN_EMPTY_BODY = YES;
				CLANG_WARN_ENUM_CONVERSION = YES;
				CLANG_WARN_INT_CONVERSION = YES;
				CLANG_WARN_OBJC_ROOT_CLASS = YES_ERROR;
				CLANG_WARN_UNREACHABLE_CODE = YES;
				CLANG_WARN__DUPLICATE_METHOD_MATCH = YES;
				"CODE_SIGN_IDENTITY[sdk=iphoneos*]" = "iPhone Developer";
				COPY_PHASE_STRIP = NO;
				DEBUG_INFORMATION_FORMAT = "dwarf-with-dsym";
				ENABLE_STRICT_OBJC_MSGSEND = YES;
				ENABLE_TESTABILITY = YES;
				GCC_C_LANGUAGE_STANDARD = gnu99;
				GCC_DYNAMIC_NO_PIC = NO;
				GCC_NO_COMMON_BLOCKS = YES;
				GCC_OPTIMIZATION_LEVEL = 0;
				GCC_PREPROCESSOR_DEFINITIONS = (
					"DEBUG=1",
					"$(inherited)",
				);
				GCC_WARN_64_TO_32_BIT_CONVERSION = YES;
				GCC_WARN_ABOUT_RETURN_TYPE = YES_ERROR;
				GCC_WARN_UNDECLARED_SELECTOR = YES;
				GCC_WARN_UNINITIALIZED_AUTOS = YES_AGGRESSIVE;
				GCC_WARN_UNUSED_FUNCTION = YES;
				GCC_WARN_UNUSED_VARIABLE = YES;
				IPHONEOS_DEPLOYMENT_TARGET = 9.2;
				MTL_ENABLE_DEBUG_INFO = YES;
				ONLY_ACTIVE_ARCH = YES;
				SDKROOT = iphoneos;
			};
			name = Debug;
		};
		EC5A51D91C49496F00733A94 /* Release */ = {
			isa = XCBuildConfiguration;
			buildSettings = {
				ALWAYS_SEARCH_USER_PATHS = NO;
				CLANG_CXX_LANGUAGE_STANDARD = "gnu++0x";
				CLANG_CXX_LIBRARY = "libc++";
				CLANG_ENABLE_MODULES = YES;
				CLANG_ENABLE_OBJC_ARC = YES;
				CLANG_WARN_BOOL_CONVERSION = YES;
				CLANG_WARN_CONSTANT_CONVERSION = YES;
				CLANG_WARN_DIRECT_OBJC_ISA_USAGE = YES_ERROR;
				CLANG_WARN_EMPTY_BODY = YES;
				CLANG_WARN_ENUM_CONVERSION = YES;
				CLANG_WARN_INT_CONVERSION = YES;
				CLANG_WARN_OBJC_ROOT_CLASS = YES_ERROR;
				CLANG_WARN_UNREACHABLE_CODE = YES;
				CLANG_WARN__DUPLICATE_METHOD_MATCH = YES;
				"CODE_SIGN_IDENTITY[sdk=iphoneos*]" = "iPhone Developer";
				COPY_PHASE_STRIP = NO;
				DEBUG_INFORMATION_FORMAT = "dwarf-with-dsym";
				ENABLE_NS_ASSERTIONS = NO;
				ENABLE_STRICT_OBJC_MSGSEND = YES;
				GCC_C_LANGUAGE_STANDARD = gnu99;
				GCC_NO_COMMON_BLOCKS = YES;
				GCC_WARN_64_TO_32_BIT_CONVERSION = YES;
				GCC_WARN_ABOUT_RETURN_TYPE = YES_ERROR;
				GCC_WARN_UNDECLARED_SELECTOR = YES;
				GCC_WARN_UNINITIALIZED_AUTOS = YES_AGGRESSIVE;
				GCC_WARN_UNUSED_FUNCTION = YES;
				GCC_WARN_UNUSED_VARIABLE = YES;
				IPHONEOS_DEPLOYMENT_TARGET = 9.2;
				MTL_ENABLE_DEBUG_INFO = NO;
				SDKROOT = iphoneos;
				VALIDATE_PRODUCT = YES;
			};
			name = Release;
		};
		EC5A51DB1C49496F00733A94 /* Debug */ = {
			isa = XCBuildConfiguration;
			buildSettings = {
				ASSETCATALOG_COMPILER_APPICON_NAME = AppIcon;
				INFOPLIST_FILE = multiPractic/Info.plist;
				LD_RUNPATH_SEARCH_PATHS = "$(inherited) @executable_path/Frameworks";
				PRODUCT_BUNDLE_IDENTIFIER = orzes.multiPractic;
				PRODUCT_NAME = "$(TARGET_NAME)";
			};
			name = Debug;
		};
		EC5A51DC1C49496F00733A94 /* Release */ = {
			isa = XCBuildConfiguration;
			buildSettings = {
				ASSETCATALOG_COMPILER_APPICON_NAME = AppIcon;
				INFOPLIST_FILE = multiPractic/Info.plist;
				LD_RUNPATH_SEARCH_PATHS = "$(inherited) @executable_path/Frameworks";
				PRODUCT_BUNDLE_IDENTIFIER = orzes.multiPractic;
				PRODUCT_NAME = "$(TARGET_NAME)";
			};
			name = Release;
		};
/* End XCBuildConfiguration section */

/* Begin XCConfigurationList section */
		EC5A51B91C49496F00733A94 /* Build configuration list for PBXProject "multiPractic" */ = {
			isa = XCConfigurationList;
			buildConfigurations = (
				EC5A51D81C49496F00733A94 /* Debug */,
				EC5A51D91C49496F00733A94 /* Release */,
			);
			defaultConfigurationIsVisible = 0;
			defaultConfigurationName = Release;
		};
		EC5A51DA1C49496F00733A94 /* Build configuration list for PBXNativeTarget "multiPractic" */ = {
			isa = XCConfigurationList;
			buildConfigurations = (
				EC5A51DB1C49496F00733A94 /* Debug */,
				EC5A51DC1C49496F00733A94 /* Release */,
			);
			defaultConfigurationIsVisible = 0;
		};
/* End XCConfigurationList section */
	};
	rootObject = EC5A51B61C49496F00733A94 /* Project object */;
}
